{
  "version": 4,
  "terraform_version": "1.15.4",
  "serial": 11,
  "lineage": "45dc9adb-2996-0d76-5113-001386879745",
  "outputs": {
    "public_ip": {
      "value": "13.201.3.179",
      "type": "string"
    }
  },
  "resources": [
    {
      "mode": "managed",
      "type": "aws_instance",
      "name": "monitor_server",
      "provider": "provider[\"registry.terraform.io/hashicorp/aws\"]",
      "instances": [
        {
          "schema_version": 2,
          "attributes": {
            "ami": "ami-0f5ee92e2d63afc18",
            "arn": "arn:aws:ec2:ap-south-1:057099254242:instance/i-00476635ccb004dc1",
            "associate_public_ip_address": true,
            "availability_zone": "ap-south-1a",
            "capacity_reservation_specification": [
              {
                "capacity_reservation_preference": "open",
                "capacity_reservation_target": []
              }
            ],
            "cpu_options": [
              {
                "amd_sev_snp": "",
                "core_count": 1,
                "nested_virtualization": "",
                "threads_per_core": 2
              }
            ],
            "credit_specification": [
              {
                "cpu_credits": "unlimited"
              }
            ],
            "disable_api_stop": false,
            "disable_api_termination": false,
            "ebs_block_device": [],
            "ebs_optimized": false,
            "enable_primary_ipv6": null,
            "enclave_options": [
              {
                "enabled": false
              }
            ],
            "ephemeral_block_device": [],
            "force_destroy": false,
            "get_password_data": false,
            "hibernation": false,
            "host_id": "",
            "host_resource_group_arn": null,
            "iam_instance_profile": "",
            "id": "i-00476635ccb004dc1",
            "instance_initiated_shutdown_behavior": "stop",
            "instance_lifecycle": "",
            "instance_market_options": [],
            "instance_state": "running",
            "instance_type": "t3.micro",
            "ipv6_address_count": 0,
            "ipv6_addresses": [],
            "key_name": "Ranjani_1",
            "launch_template": [],
            "maintenance_options": [
              {
                "auto_recovery": "default"
              }
            ],
            "metadata_options": [
              {
                "http_endpoint": "enabled",
                "http_protocol_ipv6": "disabled",
                "http_put_response_hop_limit": 1,
                "http_tokens": "optional",
                "instance_metadata_tags": "disabled"
              }
            ],
            "monitoring": false,
            "network_interface": [],
            "outpost_arn": "",
            "password_data": "",
            "placement_group": "",
            "placement_group_id": "",
            "placement_partition_number": 0,
            "primary_network_interface": [
              {
                "delete_on_termination": true,
                "network_interface_id": "eni-03b838768dc03f206"
              }
            ],
            "primary_network_interface_id": "eni-03b838768dc03f206",
            "private_dns": "ip-172-31-47-145.ap-south-1.compute.internal",
            "private_dns_name_options": [
              {
                "enable_resource_name_dns_a_record": false,
                "enable_resource_name_dns_aaaa_record": false,
                "hostname_type": "ip-name"
              }
            ],
            "private_ip": "172.31.47.145",
            "public_dns": "ec2-13-201-3-179.ap-south-1.compute.amazonaws.com",
            "public_ip": "13.201.3.179",
            "region": "ap-south-1",
            "root_block_device": [
              {
                "delete_on_termination": true,
                "device_name": "/dev/sda1",
                "encrypted": false,
                "iops": 100,
                "kms_key_id": "",
                "tags": {},
                "tags_all": {},
                "throughput": 0,
                "volume_id": "vol-096ca4fcf48e1aaf3",
                "volume_size": 8,
                "volume_type": "gp2"
              }
            ],
            "secondary_network_interface": [],
            "secondary_private_ips": [],
            "security_groups": [
              "default"
            ],
            "source_dest_check": true,
            "spot_instance_request_id": "",
            "subnet_id": "subnet-0258a4d37178aaa8a",
            "tags": {
              "Name": "Monitoring-App-Server"
            },
            "tags_all": {
              "Name": "Monitoring-App-Server"
            },
            "tenancy": "default",
            "timeouts": null,
            "user_data": null,
            "user_data_base64": null,
            "user_data_replace_on_change": false,
            "volume_tags": null,
            "vpc_security_group_ids": [
              "sg-03b8c939258de86d9"
            ]
          },
          "sensitive_attributes": [],
          "identity_schema_version": 0,
          "identity": {
            "account_id": "057099254242",
            "id": "i-00476635ccb004dc1",
            "region": "ap-south-1"
          },
          "private": "eyJlMmJmYjczMC1lY2FhLTExZTYtOGY4OC0zNDM2M2JjN2M0YzAiOnsiY3JlYXRlIjo2MDAwMDAwMDAwMDAsImRlbGV0ZSI6MTIwMDAwMDAwMDAwMCwicmVhZCI6OTAwMDAwMDAwMDAwLCJ1cGRhdGUiOjYwMDAwMDAwMDAwMH0sInNjaGVtYV92ZXJzaW9uIjoiMiJ9"
        }
      ]
    }
  ],
  "check_results": null
}
